
Microsoft Visual Studio Solution File, Format Version 12.00
# Visual Studio Version 16
VisualStudioVersion = 16.0.31424.327
MinimumVisualStudioVersion = 10.0.40219.1
Project("{FAE04EC0-301F-11D3-BF4B-00C04F79EFBC}") = "Pizza", "Pizza\Pizza.csproj", "{1EE05854-5642-4992-AFA6-B2440D80A028}"
EndProject
Global
	GlobalSection(SolutionConfigurationPlatforms) = preSolution
		Debug|Any CPU = Debug|Any CPU
		Release|Any CPU = Release|Any CPU
	EndGlobalSection
	GlobalSection(ProjectConfigurationPlatforms) = postSolution
		{1EE05854-5642-4992-AFA6-B2440D80A028}.Debug|Any CPU.ActiveCfg = Debug|Any CPU
		{1EE05854-5642-4992-AFA6-B2440D80A028}.Debug|Any CPU.Build.0 = Debug|Any CPU
		{1EE05854-5642-4992-AFA6-B2440D80A028}.Release|Any CPU.ActiveCfg = Release|Any CPU
		{1EE05854-5642-4992-AFA6-B2440D80A028}.Release|Any CPU.Build.0 = Release|Any CPU
	EndGlobalSection
	GlobalSection(SolutionProperties) = preSolution
		HideSolutionNode = FALSE
	EndGlobalSection
	GlobalSection(ExtensibilityGlobals) = postSolution
		SolutionGuid = {61E6915A-7C72-481D-BC53-6847C8D69027}
	EndGlobalSection
EndGlobal
